
Microsoft Visual Studio Solution File, Format Version 12.00
# Visual Studio 15
VisualStudioVersion = 15.0.26124.0
MinimumVisualStudioVersion = 15.0.26124.0
Project("{2150E333-8FDC-42A3-9474-1A3956D46DE8}") = "src", "src", "{8A93DAA7-E503-44D9-B8D4-C3C6C53D868E}"
EndProject
Project("{FAE04EC0-301F-11D3-BF4B-00C04F79EFBC}") = "Dominio", "src\Dominio\Dominio.csproj", "{D05FBF6D-9E08-453D-A655-52E7B5A2685F}"
EndProject
Project("{FAE04EC0-301F-11D3-BF4B-00C04F79EFBC}") = "Infra", "src\Infra\Infra.csproj", "{274E2E96-80BC-4BD4-B4FA-DE4B93BD0472}"
EndProject
Project("{FAE04EC0-301F-11D3-BF4B-00C04F79EFBC}") = "UI", "src\UI\UI.csproj", "{3F9AAEAB-B533-43EF-9115-9E092F70A2E4}"
EndProject
Project("{2150E333-8FDC-42A3-9474-1A3956D46DE8}") = "tests", "tests", "{C27B82B8-6F11-4B0A-8E9E-2A2ACD2D3512}"
EndProject
Project("{2150E333-8FDC-42A3-9474-1A3956D46DE8}") = "Dominio", "Dominio", "{5D303D98-61C0-4441-B79A-3C7DA4BE5569}"
EndProject
Project("{FAE04EC0-301F-11D3-BF4B-00C04F79EFBC}") = "Dominio.Testes", "tests\Dominio\Dominio.Testes\Dominio.Testes.csproj", "{500612F8-AE8F-4C35-945A-FEB68255A392}"
EndProject
Project("{2150E333-8FDC-42A3-9474-1A3956D46DE8}") = "Infra", "Infra", "{CC684034-8094-4F06-A495-2AC19E5F7A31}"
EndProject
Project("{FAE04EC0-301F-11D3-BF4B-00C04F79EFBC}") = "Infra.Testes", "tests\Infra\Infra.Testes\Infra.Testes.csproj", "{640A12FB-5291-4DF3-895B-3774D9FA9B52}"
EndProject
Global
	GlobalSection(SolutionConfigurationPlatforms) = preSolution
		Debug|Any CPU = Debug|Any CPU
		Debug|x64 = Debug|x64
		Debug|x86 = Debug|x86
		Release|Any CPU = Release|Any CPU
		Release|x64 = Release|x64
		Release|x86 = Release|x86
	EndGlobalSection
	GlobalSection(SolutionProperties) = preSolution
		HideSolutionNode = FALSE
	EndGlobalSection
	GlobalSection(ProjectConfigurationPlatforms) = postSolution
		{D05FBF6D-9E08-453D-A655-52E7B5A2685F}.Debug|Any CPU.ActiveCfg = Debug|Any CPU
		{D05FBF6D-9E08-453D-A655-52E7B5A2685F}.Debug|Any CPU.Build.0 = Debug|Any CPU
		{D05FBF6D-9E08-453D-A655-52E7B5A2685F}.Debug|x64.ActiveCfg = Debug|Any CPU
		{D05FBF6D-9E08-453D-A655-52E7B5A2685F}.Debug|x64.Build.0 = Debug|Any CPU
		{D05FBF6D-9E08-453D-A655-52E7B5A2685F}.Debug|x86.ActiveCfg = Debug|Any CPU
		{D05FBF6D-9E08-453D-A655-52E7B5A2685F}.Debug|x86.Build.0 = Debug|Any CPU
		{D05FBF6D-9E08-453D-A655-52E7B5A2685F}.Release|Any CPU.ActiveCfg = Release|Any CPU
		{D05FBF6D-9E08-453D-A655-52E7B5A2685F}.Release|Any CPU.Build.0 = Release|Any CPU
		{D05FBF6D-9E08-453D-A655-52E7B5A2685F}.Release|x64.ActiveCfg = Release|Any CPU
		{D05FBF6D-9E08-453D-A655-52E7B5A2685F}.Release|x64.Build.0 = Release|Any CPU
		{D05FBF6D-9E08-453D-A655-52E7B5A2685F}.Release|x86.ActiveCfg = Release|Any CPU
		{D05FBF6D-9E08-453D-A655-52E7B5A2685F}.Release|x86.Build.0 = Release|Any CPU
		{274E2E96-80BC-4BD4-B4FA-DE4B93BD0472}.Debug|Any CPU.ActiveCfg = Debug|Any CPU
		{274E2E96-80BC-4BD4-B4FA-DE4B93BD0472}.Debug|Any CPU.Build.0 = Debug|Any CPU
		{274E2E96-80BC-4BD4-B4FA-DE4B93BD0472}.Debug|x64.ActiveCfg = Debug|Any CPU
		{274E2E96-80BC-4BD4-B4FA-DE4B93BD0472}.Debug|x64.Build.0 = Debug|Any CPU
		{274E2E96-80BC-4BD4-B4FA-DE4B93BD0472}.Debug|x86.ActiveCfg = Debug|Any CPU
		{274E2E96-80BC-4BD4-B4FA-DE4B93BD0472}.Debug|x86.Build.0 = Debug|Any CPU
		{274E2E96-80BC-4BD4-B4FA-DE4B93BD0472}.Release|Any CPU.ActiveCfg = Release|Any CPU
		{274E2E96-80BC-4BD4-B4FA-DE4B93BD0472}.Release|Any CPU.Build.0 = Release|Any CPU
		{274E2E96-80BC-4BD4-B4FA-DE4B93BD0472}.Release|x64.ActiveCfg = Release|Any CPU
		{274E2E96-80BC-4BD4-B4FA-DE4B93BD0472}.Release|x64.Build.0 = Release|Any CPU
		{274E2E96-80BC-4BD4-B4FA-DE4B93BD0472}.Release|x86.ActiveCfg = Release|Any CPU
		{274E2E96-80BC-4BD4-B4FA-DE4B93BD0472}.Release|x86.Build.0 = Release|Any CPU
		{3F9AAEAB-B533-43EF-9115-9E092F70A2E4}.Debug|Any CPU.ActiveCfg = Debug|Any CPU
		{3F9AAEAB-B533-43EF-9115-9E092F70A2E4}.Debug|Any CPU.Build.0 = Debug|Any CPU
		{3F9AAEAB-B533-43EF-9115-9E092F70A2E4}.Debug|x64.ActiveCfg = Debug|Any CPU
		{3F9AAEAB-B533-43EF-9115-9E092F70A2E4}.Debug|x64.Build.0 = Debug|Any CPU
		{3F9AAEAB-B533-43EF-9115-9E092F70A2E4}.Debug|x86.ActiveCfg = Debug|Any CPU
		{3F9AAEAB-B533-43EF-9115-9E092F70A2E4}.Debug|x86.Build.0 = Debug|Any CPU
		{3F9AAEAB-B533-43EF-9115-9E092F70A2E4}.Release|Any CPU.ActiveCfg = Release|Any CPU
		{3F9AAEAB-B533-43EF-9115-9E092F70A2E4}.Release|Any CPU.Build.0 = Release|Any CPU
		{3F9AAEAB-B533-43EF-9115-9E092F70A2E4}.Release|x64.ActiveCfg = Release|Any CPU
		{3F9AAEAB-B533-43EF-9115-9E092F70A2E4}.Release|x64.Build.0 = Release|Any CPU
		{3F9AAEAB-B533-43EF-9115-9E092F70A2E4}.Release|x86.ActiveCfg = Release|Any CPU
		{3F9AAEAB-B533-43EF-9115-9E092F70A2E4}.Release|x86.Build.0 = Release|Any CPU
		{500612F8-AE8F-4C35-945A-FEB68255A392}.Debug|Any CPU.ActiveCfg = Debug|Any CPU
		{500612F8-AE8F-4C35-945A-FEB68255A392}.Debug|Any CPU.Build.0 = Debug|Any CPU
		{500612F8-AE8F-4C35-945A-FEB68255A392}.Debug|x64.ActiveCfg = Debug|Any CPU
		{500612F8-AE8F-4C35-945A-FEB68255A392}.Debug|x64.Build.0 = Debug|Any CPU
		{500612F8-AE8F-4C35-945A-FEB68255A392}.Debug|x86.ActiveCfg = Debug|Any CPU
		{500612F8-AE8F-4C35-945A-FEB68255A392}.Debug|x86.Build.0 = Debug|Any CPU
		{500612F8-AE8F-4C35-945A-FEB68255A392}.Release|Any CPU.ActiveCfg = Release|Any CPU
		{500612F8-AE8F-4C35-945A-FEB68255A392}.Release|Any CPU.Build.0 = Release|Any CPU
		{500612F8-AE8F-4C35-945A-FEB68255A392}.Release|x64.ActiveCfg = Release|Any CPU
		{500612F8-AE8F-4C35-945A-FEB68255A392}.Release|x64.Build.0 = Release|Any CPU
		{500612F8-AE8F-4C35-945A-FEB68255A392}.Release|x86.ActiveCfg = Release|Any CPU
		{500612F8-AE8F-4C35-945A-FEB68255A392}.Release|x86.Build.0 = Release|Any CPU
		{640A12FB-5291-4DF3-895B-3774D9FA9B52}.Debug|Any CPU.ActiveCfg = Debug|Any CPU
		{640A12FB-5291-4DF3-895B-3774D9FA9B52}.Debug|Any CPU.Build.0 = Debug|Any CPU
		{640A12FB-5291-4DF3-895B-3774D9FA9B52}.Debug|x64.ActiveCfg = Debug|Any CPU
		{640A12FB-5291-4DF3-895B-3774D9FA9B52}.Debug|x64.Build.0 = Debug|Any CPU
		{640A12FB-5291-4DF3-895B-3774D9FA9B52}.Debug|x86.ActiveCfg = Debug|Any CPU
		{640A12FB-5291-4DF3-895B-3774D9FA9B52}.Debug|x86.Build.0 = Debug|Any CPU
		{640A12FB-5291-4DF3-895B-3774D9FA9B52}.Release|Any CPU.ActiveCfg = Release|Any CPU
		{640A12FB-5291-4DF3-895B-3774D9FA9B52}.Release|Any CPU.Build.0 = Release|Any CPU
		{640A12FB-5291-4DF3-895B-3774D9FA9B52}.Release|x64.ActiveCfg = Release|Any CPU
		{640A12FB-5291-4DF3-895B-3774D9FA9B52}.Release|x64.Build.0 = Release|Any CPU
		{640A12FB-5291-4DF3-895B-3774D9FA9B52}.Release|x86.ActiveCfg = Release|Any CPU
		{640A12FB-5291-4DF3-895B-3774D9FA9B52}.Release|x86.Build.0 = Release|Any CPU
	EndGlobalSection
	GlobalSection(NestedProjects) = preSolution
		{D05FBF6D-9E08-453D-A655-52E7B5A2685F} = {8A93DAA7-E503-44D9-B8D4-C3C6C53D868E}
		{274E2E96-80BC-4BD4-B4FA-DE4B93BD0472} = {8A93DAA7-E503-44D9-B8D4-C3C6C53D868E}
		{3F9AAEAB-B533-43EF-9115-9E092F70A2E4} = {8A93DAA7-E503-44D9-B8D4-C3C6C53D868E}
		{5D303D98-61C0-4441-B79A-3C7DA4BE5569} = {C27B82B8-6F11-4B0A-8E9E-2A2ACD2D3512}
		{500612F8-AE8F-4C35-945A-FEB68255A392} = {5D303D98-61C0-4441-B79A-3C7DA4BE5569}
		{CC684034-8094-4F06-A495-2AC19E5F7A31} = {C27B82B8-6F11-4B0A-8E9E-2A2ACD2D3512}
		{640A12FB-5291-4DF3-895B-3774D9FA9B52} = {CC684034-8094-4F06-A495-2AC19E5F7A31}
	EndGlobalSection
EndGlobal
